
Microsoft Visual Studio Solution File, Format Version 12.00
# Visual Studio Version 16
VisualStudioVersion = 16.0.30011.22
MinimumVisualStudioVersion = 10.0.40219.1
Project("{9A19103F-16F7-4668-BE54-9A1E7A4F7556}") = "TTT.Tools", "TTT.Tools.csproj", "{60B0A320-2A4E-45A6-A653-7614B2D7A8CE}"
EndProject
Project("{9A19103F-16F7-4668-BE54-9A1E7A4F7556}") = "TTT.Common", "..\TTT.Common\TTT.Common.csproj", "{AD3B0B67-3A39-4CD3-833C-7DBADEAF61D8}"
EndProject
Global
	GlobalSection(SolutionConfigurationPlatforms) = preSolution
		Debug|Any CPU = Debug|Any CPU
		Release|Any CPU = Release|Any CPU
	EndGlobalSection
	GlobalSection(ProjectConfigurationPlatforms) = postSolution
		{60B0A320-2A4E-45A6-A653-7614B2D7A8CE}.Debug|Any CPU.ActiveCfg = Debug|Any CPU
		{60B0A320-2A4E-45A6-A653-7614B2D7A8CE}.Debug|Any CPU.Build.0 = Debug|Any CPU
		{60B0A320-2A4E-45A6-A653-7614B2D7A8CE}.Release|Any CPU.ActiveCfg = Release|Any CPU
		{60B0A320-2A4E-45A6-A653-7614B2D7A8CE}.Release|Any CPU.Build.0 = Release|Any CPU
		{AD3B0B67-3A39-4CD3-833C-7DBADEAF61D8}.Debug|Any CPU.ActiveCfg = Debug|Any CPU
		{AD3B0B67-3A39-4CD3-833C-7DBADEAF61D8}.Debug|Any CPU.Build.0 = Debug|Any CPU
		{AD3B0B67-3A39-4CD3-833C-7DBADEAF61D8}.Release|Any CPU.ActiveCfg = Release|Any CPU
		{AD3B0B67-3A39-4CD3-833C-7DBADEAF61D8}.Release|Any CPU.Build.0 = Release|Any CPU
	EndGlobalSection
	GlobalSection(SolutionProperties) = preSolution
		HideSolutionNode = FALSE
	EndGlobalSection
	GlobalSection(ExtensibilityGlobals) = postSolution
		SolutionGuid = {03593FD9-4E07-45E1-B8C8-2D3BED003AFC}
	EndGlobalSection
EndGlobal
