
Microsoft Visual Studio Solution File, Format Version 12.00
# Visual Studio Version 16
VisualStudioVersion = 16.0.29728.190
MinimumVisualStudioVersion = 10.0.40219.1
Project("{FAE04EC0-301F-11D3-BF4B-00C04F79EFBC}") = "TTT.Client", "TTT.Client.csproj", "{9DD7CFE6-9BA6-481F-B686-C5B4B14C6799}"
EndProject
Project("{FAE04EC0-301F-11D3-BF4B-00C04F79EFBC}") = "TTT.Common", "..\TTT.Common\TTT.Common.csproj", "{FB06980E-6A77-466A-9C40-B5034881AABF}"
EndProject
Global
	GlobalSection(SolutionConfigurationPlatforms) = preSolution
		Debug|Any CPU = Debug|Any CPU
		Release|Any CPU = Release|Any CPU
	EndGlobalSection
	GlobalSection(ProjectConfigurationPlatforms) = postSolution
		{9DD7CFE6-9BA6-481F-B686-C5B4B14C6799}.Debug|Any CPU.ActiveCfg = Debug|Any CPU
		{9DD7CFE6-9BA6-481F-B686-C5B4B14C6799}.Debug|Any CPU.Build.0 = Debug|Any CPU
		{9DD7CFE6-9BA6-481F-B686-C5B4B14C6799}.Debug|Any CPU.Deploy.0 = Debug|Any CPU
		{9DD7CFE6-9BA6-481F-B686-C5B4B14C6799}.Release|Any CPU.ActiveCfg = Release|Any CPU
		{9DD7CFE6-9BA6-481F-B686-C5B4B14C6799}.Release|Any CPU.Build.0 = Release|Any CPU
		{9DD7CFE6-9BA6-481F-B686-C5B4B14C6799}.Release|Any CPU.Deploy.0 = Release|Any CPU
		{FB06980E-6A77-466A-9C40-B5034881AABF}.Debug|Any CPU.ActiveCfg = Debug|Any CPU
		{FB06980E-6A77-466A-9C40-B5034881AABF}.Debug|Any CPU.Build.0 = Debug|Any CPU
		{FB06980E-6A77-466A-9C40-B5034881AABF}.Release|Any CPU.ActiveCfg = Release|Any CPU
		{FB06980E-6A77-466A-9C40-B5034881AABF}.Release|Any CPU.Build.0 = Release|Any CPU
	EndGlobalSection
	GlobalSection(SolutionProperties) = preSolution
		HideSolutionNode = FALSE
	EndGlobalSection
	GlobalSection(ExtensibilityGlobals) = postSolution
		SolutionGuid = {1886E1E6-5AA5-46E8-B897-441BD351EF00}
	EndGlobalSection
EndGlobal
